// !$*UTF8*$!
{
	archiveVersion = 1;
	classes = {
	};
	objectVersion = 50;
	objects = {

/* Begin PBXBuildFile section */
		4A0D1BED2181B3D9004FABB2 /* Camera.metal in Sources */ = {isa = PBXBuildFile; fileRef = 4A0D1BEB2181B3D9004FABB2 /* Camera.metal */; };
		4A0D1BEE2181B3D9004FABB2 /* Camera.swift in Sources */ = {isa = PBXBuildFile; fileRef = 4A0D1BEC2181B3D9004FABB2 /* Camera.swift */; };
		4A0D1BF22185A111004FABB2 /* CameraMPS.swift in Sources */ = {isa = PBXBuildFile; fileRef = 4A0D1BF02185A111004FABB2 /* CameraMPS.swift */; };
		4A0D1BF32185A111004FABB2 /* CameraMPS.metal in Sources */ = {isa = PBXBuildFile; fileRef = 4A0D1BF12185A111004FABB2 /* CameraMPS.metal */; };
		4A6118E8216F145700A2C194 /* AppDelegate.swift in Sources */ = {isa = PBXBuildFile; fileRef = 4A6118E7216F145700A2C194 /* AppDelegate.swift */; };
		4A6118EA216F145700A2C194 /* ViewController.swift in Sources */ = {isa = PBXBuildFile; fileRef = 4A6118E9216F145700A2C194 /* ViewController.swift */; };
		4A6118ED216F145700A2C194 /* Main.storyboard in Resources */ = {isa = PBXBuildFile; fileRef = 4A6118EB216F145700A2C194 /* Main.storyboard */; };
		4A6118EF216F145800A2C194 /* Assets.xcassets in Resources */ = {isa = PBXBuildFile; fileRef = 4A6118EE216F145800A2C194 /* Assets.xcassets */; };
		4A6118F2216F145800A2C194 /* LaunchScreen.storyboard in Resources */ = {isa = PBXBuildFile; fileRef = 4A6118F0216F145800A2C194 /* LaunchScreen.storyboard */; };
		4A6118FD216F145800A2C194 /* MetalTestTests.swift in Sources */ = {isa = PBXBuildFile; fileRef = 4A6118FC216F145800A2C194 /* MetalTestTests.swift */; };
		4A611908216F145800A2C194 /* MetalTestUITests.swift in Sources */ = {isa = PBXBuildFile; fileRef = 4A611907216F145800A2C194 /* MetalTestUITests.swift */; };
		4A611916216F154100A2C194 /* NavigationController.swift in Sources */ = {isa = PBXBuildFile; fileRef = 4A611915216F154100A2C194 /* NavigationController.swift */; };
		4A611918216F167100A2C194 /* TableViewController.swift in Sources */ = {isa = PBXBuildFile; fileRef = 4A611917216F167100A2C194 /* TableViewController.swift */; };
		4A61191B216F2A0000A2C194 /* TaskModel.swift in Sources */ = {isa = PBXBuildFile; fileRef = 4A61191A216F2A0000A2C194 /* TaskModel.swift */; };
		4A611920216F4FC200A2C194 /* TriangleViewController.swift in Sources */ = {isa = PBXBuildFile; fileRef = 4A61191F216F4FC200A2C194 /* TriangleViewController.swift */; };
		4A611923216F501000A2C194 /* FragmentShader.metal in Sources */ = {isa = PBXBuildFile; fileRef = 4A611921216F501000A2C194 /* FragmentShader.metal */; };
		4A611924216F501000A2C194 /* VertexShader.metal in Sources */ = {isa = PBXBuildFile; fileRef = 4A611922216F501000A2C194 /* VertexShader.metal */; };
		4A70857D2174CDDD00F7E8F7 /* ColorTriangleViewController.swift in Sources */ = {isa = PBXBuildFile; fileRef = 4A70857C2174CDDD00F7E8F7 /* ColorTriangleViewController.swift */; };
		4A70857F2174CE3800F7E8F7 /* ColorTriangleShader.metal in Sources */ = {isa = PBXBuildFile; fileRef = 4A70857E2174CE3800F7E8F7 /* ColorTriangleShader.metal */; };
		4A70858321759A7600F7E8F7 /* CubeShader.metal in Sources */ = {isa = PBXBuildFile; fileRef = 4A70858121759A7600F7E8F7 /* CubeShader.metal */; };
		4A70858421759A7600F7E8F7 /* CubeViewController.swift in Sources */ = {isa = PBXBuildFile; fileRef = 4A70858221759A7600F7E8F7 /* CubeViewController.swift */; };
		4A7085872175B9E900F7E8F7 /* MatrixOperation.swift in Sources */ = {isa = PBXBuildFile; fileRef = 4A7085862175B9E900F7E8F7 /* MatrixOperation.swift */; };
		4A70858B2177542C00F7E8F7 /* CSViewController.swift in Sources */ = {isa = PBXBuildFile; fileRef = 4A7085892177542B00F7E8F7 /* CSViewController.swift */; };
		4A70858C2177542C00F7E8F7 /* ComputerShader.metal in Sources */ = {isa = PBXBuildFile; fileRef = 4A70858A2177542C00F7E8F7 /* ComputerShader.metal */; };
		4A70859021782EBE00F7E8F7 /* ComputerPicture.metal in Sources */ = {isa = PBXBuildFile; fileRef = 4A70858E21782EBE00F7E8F7 /* ComputerPicture.metal */; };
		4A70859121782EBE00F7E8F7 /* ComputerPictureController.swift in Sources */ = {isa = PBXBuildFile; fileRef = 4A70858F21782EBE00F7E8F7 /* ComputerPictureController.swift */; };
		4A7085952178A2D700F7E8F7 /* Light.metal in Sources */ = {isa = PBXBuildFile; fileRef = 4A7085932178A2D700F7E8F7 /* Light.metal */; };
		4A7085962178A2D700F7E8F7 /* LightController.swift in Sources */ = {isa = PBXBuildFile; fileRef = 4A7085942178A2D700F7E8F7 /* LightController.swift */; };
		4A7085982179DC2800F7E8F7 /* Utils.metal in Sources */ = {isa = PBXBuildFile; fileRef = 4A7085972179DC2800F7E8F7 /* Utils.metal */; };
		4AEFDC2C218728A000CEDAAC /* CameraCS.swift in Sources */ = {isa = PBXBuildFile; fileRef = 4AEFDC2A218728A000CEDAAC /* CameraCS.swift */; };
		4AEFDC2D218728A000CEDAAC /* CameraCS.metal in Sources */ = {isa = PBXBuildFile; fileRef = 4AEFDC2B218728A000CEDAAC /* CameraCS.metal */; };
/* End PBXBuildFile section */

/* Begin PBXContainerItemProxy section */
		4A6118F9216F145800A2C194 /* PBXContainerItemProxy */ = {
			isa = PBXContainerItemProxy;
			containerPortal = 4A6118DC216F145700A2C194 /* Project object */;
			proxyType = 1;
			remoteGlobalIDString = 4A6118E3216F145700A2C194;
			remoteInfo = MetalTest;
		};
		4A611904216F145800A2C194 /* PBXContainerItemProxy */ = {
			isa = PBXContainerItemProxy;
			containerPortal = 4A6118DC216F145700A2C194 /* Project object */;
			proxyType = 1;
			remoteGlobalIDString = 4A6118E3216F145700A2C194;
			remoteInfo = MetalTest;
		};
/* End PBXContainerItemProxy section */

/* Begin PBXFileReference section */
		4A0D1BEB2181B3D9004FABB2 /* Camera.metal */ = {isa = PBXFileReference; fileEncoding = 4; lastKnownFileType = sourcecode.metal; path = Camera.metal; sourceTree = "<group>"; };
		4A0D1BEC2181B3D9004FABB2 /* Camera.swift */ = {isa = PBXFileReference; fileEncoding = 4; lastKnownFileType = sourcecode.swift; path = Camera.swift; sourceTree = "<group>"; };
		4A0D1BF02185A111004FABB2 /* CameraMPS.swift */ = {isa = PBXFileReference; fileEncoding = 4; lastKnownFileType = sourcecode.swift; path = CameraMPS.swift; sourceTree = "<group>"; };
		4A0D1BF12185A111004FABB2 /* CameraMPS.metal */ = {isa = PBXFileReference; fileEncoding = 4; lastKnownFileType = sourcecode.metal; path = CameraMPS.metal; sourceTree = "<group>"; };
		4A6118E4216F145700A2C194 /* MetalTest.app */ = {isa = PBXFileReference; explicitFileType = wrapper.application; includeInIndex = 0; path = MetalTest.app; sourceTree = BUILT_PRODUCTS_DIR; };
		4A6118E7216F145700A2C194 /* AppDelegate.swift */ = {isa = PBXFileReference; lastKnownFileType = sourcecode.swift; path = AppDelegate.swift; sourceTree = "<group>"; };
		4A6118E9216F145700A2C194 /* ViewController.swift */ = {isa = PBXFileReference; lastKnownFileType = sourcecode.swift; path = ViewController.swift; sourceTree = "<group>"; };
		4A6118EC216F145700A2C194 /* Base */ = {isa = PBXFileReference; lastKnownFileType = file.storyboard; name = Base; path = Base.lproj/Main.storyboard; sourceTree = "<group>"; };
		4A6118EE216F145800A2C194 /* Assets.xcassets */ = {isa = PBXFileReference; lastKnownFileType = folder.assetcatalog; path = Assets.xcassets; sourceTree = "<group>"; };
		4A6118F1216F145800A2C194 /* Base */ = {isa = PBXFileReference; lastKnownFileType = file.storyboard; name = Base; path = Base.lproj/LaunchScreen.storyboard; sourceTree = "<group>"; };
		4A6118F3216F145800A2C194 /* Info.plist */ = {isa = PBXFileReference; lastKnownFileType = text.plist.xml; path = Info.plist; sourceTree = "<group>"; };
		4A6118F8216F145800A2C194 /* MetalTestTests.xctest */ = {isa = PBXFileReference; explicitFileType = wrapper.cfbundle; includeInIndex = 0; path = MetalTestTests.xctest; sourceTree = BUILT_PRODUCTS_DIR; };
		4A6118FC216F145800A2C194 /* MetalTestTests.swift */ = {isa = PBXFileReference; lastKnownFileType = sourcecode.swift; path = MetalTestTests.swift; sourceTree = "<group>"; };
		4A6118FE216F145800A2C194 /* Info.plist */ = {isa = PBXFileReference; lastKnownFileType = text.plist.xml; path = Info.plist; sourceTree = "<group>"; };
		4A611903216F145800A2C194 /* MetalTestUITests.xctest */ = {isa = PBXFileReference; explicitFileType = wrapper.cfbundle; includeInIndex = 0; path = MetalTestUITests.xctest; sourceTree = BUILT_PRODUCTS_DIR; };
		4A611907216F145800A2C194 /* MetalTestUITests.swift */ = {isa = PBXFileReference; lastKnownFileType = sourcecode.swift; path = MetalTestUITests.swift; sourceTree = "<group>"; };
		4A611909216F145800A2C194 /* Info.plist */ = {isa = PBXFileReference; lastKnownFileType = text.plist.xml; path = Info.plist; sourceTree = "<group>"; };
		4A611915216F154100A2C194 /* NavigationController.swift */ = {isa = PBXFileReference; lastKnownFileType = sourcecode.swift; path = NavigationController.swift; sourceTree = "<group>"; };
		4A611917216F167100A2C194 /* TableViewController.swift */ = {isa = PBXFileReference; lastKnownFileType = sourcecode.swift; path = TableViewController.swift; sourceTree = "<group>"; };
		4A61191A216F2A0000A2C194 /* TaskModel.swift */ = {isa = PBXFileReference; lastKnownFileType = sourcecode.swift; path = TaskModel.swift; sourceTree = "<group>"; };
		4A61191F216F4FC200A2C194 /* TriangleViewController.swift */ = {isa = PBXFileReference; fileEncoding = 4; lastKnownFileType = sourcecode.swift; path = TriangleViewController.swift; sourceTree = "<group>"; };
		4A611921216F501000A2C194 /* FragmentShader.metal */ = {isa = PBXFileReference; fileEncoding = 4; lastKnownFileType = sourcecode.metal; path = FragmentShader.metal; sourceTree = "<group>"; };
		4A611922216F501000A2C194 /* VertexShader.metal */ = {isa = PBXFileReference; fileEncoding = 4; lastKnownFileType = sourcecode.metal; path = VertexShader.metal; sourceTree = "<group>"; };
		4A70857C2174CDDD00F7E8F7 /* ColorTriangleViewController.swift */ = {isa = PBXFileReference; fileEncoding = 4; lastKnownFileType = sourcecode.swift; path = ColorTriangleViewController.swift; sourceTree = "<group>"; };
		4A70857E2174CE3800F7E8F7 /* ColorTriangleShader.metal */ = {isa = PBXFileReference; lastKnownFileType = sourcecode.metal; path = ColorTriangleShader.metal; sourceTree = "<group>"; };
		4A70858121759A7600F7E8F7 /* CubeShader.metal */ = {isa = PBXFileReference; fileEncoding = 4; lastKnownFileType = sourcecode.metal; path = CubeShader.metal; sourceTree = "<group>"; };
		4A70858221759A7600F7E8F7 /* CubeViewController.swift */ = {isa = PBXFileReference; fileEncoding = 4; lastKnownFileType = sourcecode.swift; path = CubeViewController.swift; sourceTree = "<group>"; };
		4A7085862175B9E900F7E8F7 /* MatrixOperation.swift */ = {isa = PBXFileReference; fileEncoding = 4; lastKnownFileType = sourcecode.swift; path = MatrixOperation.swift; sourceTree = "<group>"; };
		4A7085892177542B00F7E8F7 /* CSViewController.swift */ = {isa = PBXFileReference; fileEncoding = 4; lastKnownFileType = sourcecode.swift; path = CSViewController.swift; sourceTree = "<group>"; };
		4A70858A2177542C00F7E8F7 /* ComputerShader.metal */ = {isa = PBXFileReference; fileEncoding = 4; lastKnownFileType = sourcecode.metal; path = ComputerShader.metal; sourceTree = "<group>"; };
		4A70858E21782EBE00F7E8F7 /* ComputerPicture.metal */ = {isa = PBXFileReference; fileEncoding = 4; lastKnownFileType = sourcecode.metal; path = ComputerPicture.metal; sourceTree = "<group>"; };
		4A70858F21782EBE00F7E8F7 /* ComputerPictureController.swift */ = {isa = PBXFileReference; fileEncoding = 4; lastKnownFileType = sourcecode.swift; path = ComputerPictureController.swift; sourceTree = "<group>"; };
		4A7085932178A2D700F7E8F7 /* Light.metal */ = {isa = PBXFileReference; fileEncoding = 4; lastKnownFileType = sourcecode.metal; path = Light.metal; sourceTree = "<group>"; };
		4A7085942178A2D700F7E8F7 /* LightController.swift */ = {isa = PBXFileReference; fileEncoding = 4; lastKnownFileType = sourcecode.swift; path = LightController.swift; sourceTree = "<group>"; };
		4A7085972179DC2800F7E8F7 /* Utils.metal */ = {isa = PBXFileReference; lastKnownFileType = sourcecode.metal; path = Utils.metal; sourceTree = "<group>"; };
		4A708599217A1EF300F7E8F7 /* Utils.h */ = {isa = PBXFileReference; lastKnownFileType = sourcecode.c.h; path = Utils.h; sourceTree = "<group>"; };
		4AEFDC2A218728A000CEDAAC /* CameraCS.swift */ = {isa = PBXFileReference; fileEncoding = 4; lastKnownFileType = sourcecode.swift; path = CameraCS.swift; sourceTree = "<group>"; };
		4AEFDC2B218728A000CEDAAC /* CameraCS.metal */ = {isa = PBXFileReference; fileEncoding = 4; lastKnownFileType = sourcecode.metal; path = CameraCS.metal; sourceTree = "<group>"; };
/* End PBXFileReference section */

/* Begin PBXFrameworksBuildPhase section */
		4A6118E1216F145700A2C194 /* Frameworks */ = {
			isa = PBXFrameworksBuildPhase;
			buildActionMask = 2147483647;
			files = (
			);
			runOnlyForDeploymentPostprocessing = 0;
		};
		4A6118F5216F145800A2C194 /* Frameworks */ = {
			isa = PBXFrameworksBuildPhase;
			buildActionMask = 2147483647;
			files = (
			);
			runOnlyForDeploymentPostprocessing = 0;
		};
		4A611900216F145800A2C194 /* Frameworks */ = {
			isa = PBXFrameworksBuildPhase;
			buildActionMask = 2147483647;
			files = (
			);
			runOnlyForDeploymentPostprocessing = 0;
		};
/* End PBXFrameworksBuildPhase section */

/* Begin PBXGroup section */
		4A0D1BEA2181AC52004FABB2 /* Camera */ = {
			isa = PBXGroup;
			children = (
				4A0D1BEB2181B3D9004FABB2 /* Camera.metal */,
				4A0D1BEC2181B3D9004FABB2 /* Camera.swift */,
			);
			path = Camera;
			sourceTree = "<group>";
		};
		4A0D1BEF2185A05D004FABB2 /* CameraMPS */ = {
			isa = PBXGroup;
			children = (
				4A0D1BF12185A111004FABB2 /* CameraMPS.metal */,
				4A0D1BF02185A111004FABB2 /* CameraMPS.swift */,
			);
			path = CameraMPS;
			sourceTree = "<group>";
		};
		4A6118DB216F145700A2C194 = {
			isa = PBXGroup;
			children = (
				4A6118E6216F145700A2C194 /* MetalTest */,
				4A6118FB216F145800A2C194 /* MetalTestTests */,
				4A611906216F145800A2C194 /* MetalTestUITests */,
				4A6118E5216F145700A2C194 /* Products */,
			);
			sourceTree = "<group>";
		};
		4A6118E5216F145700A2C194 /* Products */ = {
			isa = PBXGroup;
			children = (
				4A6118E4216F145700A2C194 /* MetalTest.app */,
				4A6118F8216F145800A2C194 /* MetalTestTests.xctest */,
				4A611903216F145800A2C194 /* MetalTestUITests.xctest */,
			);
			name = Products;
			sourceTree = "<group>";
		};
		4A6118E6216F145700A2C194 /* MetalTest */ = {
			isa = PBXGroup;
			children = (
				4AEFDC292187285D00CEDAAC /* CameraCS */,
				4A0D1BEF2185A05D004FABB2 /* CameraMPS */,
				4A6118E7216F145700A2C194 /* AppDelegate.swift */,
				4A6118EE216F145800A2C194 /* Assets.xcassets */,
				4A0D1BEA2181AC52004FABB2 /* Camera */,
				4A70857B2174CD6100F7E8F7 /* ColorTriangle */,
				4A70858D21782E2B00F7E8F7 /* ComputerPicture */,
				4A7085882177542B00F7E8F7 /* ComputerShader */,
				4A70858021759A2100F7E8F7 /* Cube */,
				4A6118F3216F145800A2C194 /* Info.plist */,
				4A6118F0216F145800A2C194 /* LaunchScreen.storyboard */,
				4A7085922178A27000F7E8F7 /* Light */,
				4A6118EB216F145700A2C194 /* Main.storyboard */,
				4A611919216F29E200A2C194 /* Model */,
				4A611915216F154100A2C194 /* NavigationController.swift */,
				4A611917216F167100A2C194 /* TableViewController.swift */,
				4A61191E216F4FC200A2C194 /* Triangle */,
				4A7085852175B8CB00F7E8F7 /* Utils */,
				4A6118E9216F145700A2C194 /* ViewController.swift */,
			);
			path = MetalTest;
			sourceTree = "<group>";
		};
		4A6118FB216F145800A2C194 /* MetalTestTests */ = {
			isa = PBXGroup;
			children = (
				4A6118FC216F145800A2C194 /* MetalTestTests.swift */,
				4A6118FE216F145800A2C194 /* Info.plist */,
			);
			path = MetalTestTests;
			sourceTree = "<group>";
		};
		4A611906216F145800A2C194 /* MetalTestUITests */ = {
			isa = PBXGroup;
			children = (
				4A611907216F145800A2C194 /* MetalTestUITests.swift */,
				4A611909216F145800A2C194 /* Info.plist */,
			);
			path = MetalTestUITests;
			sourceTree = "<group>";
		};
		4A611919216F29E200A2C194 /* Model */ = {
			isa = PBXGroup;
			children = (
				4A61191A216F2A0000A2C194 /* TaskModel.swift */,
			);
			path = Model;
			sourceTree = "<group>";
		};
		4A61191E216F4FC200A2C194 /* Triangle */ = {
			isa = PBXGroup;
			children = (
				4A611921216F501000A2C194 /* FragmentShader.metal */,
				4A611922216F501000A2C194 /* VertexShader.metal */,
				4A61191F216F4FC200A2C194 /* TriangleViewController.swift */,
			);
			path = Triangle;
			sourceTree = "<group>";
		};
		4A70857B2174CD6100F7E8F7 /* ColorTriangle */ = {
			isa = PBXGroup;
			children = (
				4A70857C2174CDDD00F7E8F7 /* ColorTriangleViewController.swift */,
				4A70857E2174CE3800F7E8F7 /* ColorTriangleShader.metal */,
			);
			path = ColorTriangle;
			sourceTree = "<group>";
		};
		4A70858021759A2100F7E8F7 /* Cube */ = {
			isa = PBXGroup;
			children = (
				4A70858121759A7600F7E8F7 /* CubeShader.metal */,
				4A70858221759A7600F7E8F7 /* CubeViewController.swift */,
			);
			path = Cube;
			sourceTree = "<group>";
		};
		4A7085852175B8CB00F7E8F7 /* Utils */ = {
			isa = PBXGroup;
			children = (
				4A7085862175B9E900F7E8F7 /* MatrixOperation.swift */,
				4A7085972179DC2800F7E8F7 /* Utils.metal */,
				4A708599217A1EF300F7E8F7 /* Utils.h */,
			);
			path = Utils;
			sourceTree = "<group>";
		};
		4A7085882177542B00F7E8F7 /* ComputerShader */ = {
			isa = PBXGroup;
			children = (
				4A70858A2177542C00F7E8F7 /* ComputerShader.metal */,
				4A7085892177542B00F7E8F7 /* CSViewController.swift */,
			);
			path = ComputerShader;
			sourceTree = "<group>";
		};
		4A70858D21782E2B00F7E8F7 /* ComputerPicture */ = {
			isa = PBXGroup;
			children = (
				4A70858E21782EBE00F7E8F7 /* ComputerPicture.metal */,
				4A70858F21782EBE00F7E8F7 /* ComputerPictureController.swift */,
			);
			path = ComputerPicture;
			sourceTree = "<group>";
		};
		4A7085922178A27000F7E8F7 /* Light */ = {
			isa = PBXGroup;
			children = (
				4A7085932178A2D700F7E8F7 /* Light.metal */,
				4A7085942178A2D700F7E8F7 /* LightController.swift */,
			);
			path = Light;
			sourceTree = "<group>";
		};
		4AEFDC292187285D00CEDAAC /* CameraCS */ = {
			isa = PBXGroup;
			children = (
				4AEFDC2B218728A000CEDAAC /* CameraCS.metal */,
				4AEFDC2A218728A000CEDAAC /* CameraCS.swift */,
			);
			path = CameraCS;
			sourceTree = "<group>";
		};
/* End PBXGroup section */

/* Begin PBXNativeTarget section */
		4A6118E3216F145700A2C194 /* MetalTest */ = {
			isa = PBXNativeTarget;
			buildConfigurationList = 4A61190C216F145800A2C194 /* Build configuration list for PBXNativeTarget "MetalTest" */;
			buildPhases = (
				4A6118E0216F145700A2C194 /* Sources */,
				4A6118E1216F145700A2C194 /* Frameworks */,
				4A6118E2216F145700A2C194 /* Resources */,
			);
			buildRules = (
			);
			dependencies = (
			);
			name = MetalTest;
			productName = MetalTest;
			productReference = 4A6118E4216F145700A2C194 /* MetalTest.app */;
			productType = "com.apple.product-type.application";
		};
		4A6118F7216F145800A2C194 /* MetalTestTests */ = {
			isa = PBXNativeTarget;
			buildConfigurationList = 4A61190F216F145800A2C194 /* Build configuration list for PBXNativeTarget "MetalTestTests" */;
			buildPhases = (
				4A6118F4216F145800A2C194 /* Sources */,
				4A6118F5216F145800A2C194 /* Frameworks */,
				4A6118F6216F145800A2C194 /* Resources */,
			);
			buildRules = (
			);
			dependencies = (
				4A6118FA216F145800A2C194 /* PBXTargetDependency */,
			);
			name = MetalTestTests;
			productName = MetalTestTests;
			productReference = 4A6118F8216F145800A2C194 /* MetalTestTests.xctest */;
			productType = "com.apple.product-type.bundle.unit-test";
		};
		4A611902216F145800A2C194 /* MetalTestUITests */ = {
			isa = PBXNativeTarget;
			buildConfigurationList = 4A611912216F145800A2C194 /* Build configuration list for PBXNativeTarget "MetalTestUITests" */;
			buildPhases = (
				4A6118FF216F145800A2C194 /* Sources */,
				4A611900216F145800A2C194 /* Frameworks */,
				4A611901216F145800A2C194 /* Resources */,
			);
			buildRules = (
			);
			dependencies = (
				4A611905216F145800A2C194 /* PBXTargetDependency */,
			);
			name = MetalTestUITests;
			productName = MetalTestUITests;
			productReference = 4A611903216F145800A2C194 /* MetalTestUITests.xctest */;
			productType = "com.apple.product-type.bundle.ui-testing";
		};
/* End PBXNativeTarget section */

/* Begin PBXProject section */
		4A6118DC216F145700A2C194 /* Project object */ = {
			isa = PBXProject;
			attributes = {
				LastSwiftUpdateCheck = 1000;
				LastUpgradeCheck = 1000;
				ORGANIZATIONNAME = wangwei;
				TargetAttributes = {
					4A6118E3216F145700A2C194 = {
						CreatedOnToolsVersion = 10.0;
					};
					4A6118F7216F145800A2C194 = {
						CreatedOnToolsVersion = 10.0;
						TestTargetID = 4A6118E3216F145700A2C194;
					};
					4A611902216F145800A2C194 = {
						CreatedOnToolsVersion = 10.0;
						TestTargetID = 4A6118E3216F145700A2C194;
					};
				};
			};
			buildConfigurationList = 4A6118DF216F145700A2C194 /* Build configuration list for PBXProject "MetalTest" */;
			compatibilityVersion = "Xcode 9.3";
			developmentRegion = en;
			hasScannedForEncodings = 0;
			knownRegions = (
				en,
				Base,
			);
			mainGroup = 4A6118DB216F145700A2C194;
			productRefGroup = 4A6118E5216F145700A2C194 /* Products */;
			projectDirPath = "";
			projectRoot = "";
			targets = (
				4A6118E3216F145700A2C194 /* MetalTest */,
				4A6118F7216F145800A2C194 /* MetalTestTests */,
				4A611902216F145800A2C194 /* MetalTestUITests */,
			);
		};
/* End PBXProject section */

/* Begin PBXResourcesBuildPhase section */
		4A6118E2216F145700A2C194 /* Resources */ = {
			isa = PBXResourcesBuildPhase;
			buildActionMask = 2147483647;
			files = (
				4A6118F2216F145800A2C194 /* LaunchScreen.storyboard in Resources */,
				4A6118EF216F145800A2C194 /* Assets.xcassets in Resources */,
				4A6118ED216F145700A2C194 /* Main.storyboard in Resources */,
			);
			runOnlyForDeploymentPostprocessing = 0;
		};
		4A6118F6216F145800A2C194 /* Resources */ = {
			isa = PBXResourcesBuildPhase;
			buildActionMask = 2147483647;
			files = (
			);
			runOnlyForDeploymentPostprocessing = 0;
		};
		4A611901216F145800A2C194 /* Resources */ = {
			isa = PBXResourcesBuildPhase;
			buildActionMask = 2147483647;
			files = (
			);
			runOnlyForDeploymentPostprocessing = 0;
		};
/* End PBXResourcesBuildPhase section */

/* Begin PBXSourcesBuildPhase section */
		4A6118E0216F145700A2C194 /* Sources */ = {
			isa = PBXSourcesBuildPhase;
			buildActionMask = 2147483647;
			files = (
				4AEFDC2D218728A000CEDAAC /* CameraCS.metal in Sources */,
				4A0D1BEE2181B3D9004FABB2 /* Camera.swift in Sources */,
				4A0D1BF22185A111004FABB2 /* CameraMPS.swift in Sources */,
				4A7085872175B9E900F7E8F7 /* MatrixOperation.swift in Sources */,
				4A70859021782EBE00F7E8F7 /* ComputerPicture.metal in Sources */,
				4A611924216F501000A2C194 /* VertexShader.metal in Sources */,
				4A0D1BED2181B3D9004FABB2 /* Camera.metal in Sources */,
				4A6118EA216F145700A2C194 /* ViewController.swift in Sources */,
				4AEFDC2C218728A000CEDAAC /* CameraCS.swift in Sources */,
				4A70858321759A7600F7E8F7 /* CubeShader.metal in Sources */,
				4A611923216F501000A2C194 /* FragmentShader.metal in Sources */,
				4A611916216F154100A2C194 /* NavigationController.swift in Sources */,
				4A70858C2177542C00F7E8F7 /* ComputerShader.metal in Sources */,
				4A7085962178A2D700F7E8F7 /* LightController.swift in Sources */,
				4A7085982179DC2800F7E8F7 /* Utils.metal in Sources */,
				4A70858421759A7600F7E8F7 /* CubeViewController.swift in Sources */,
				4A70857F2174CE3800F7E8F7 /* ColorTriangleShader.metal in Sources */,
				4A70858B2177542C00F7E8F7 /* CSViewController.swift in Sources */,
				4A611920216F4FC200A2C194 /* TriangleViewController.swift in Sources */,
				4A0D1BF32185A111004FABB2 /* CameraMPS.metal in Sources */,
				4A7085952178A2D700F7E8F7 /* Light.metal in Sources */,
				4A70857D2174CDDD00F7E8F7 /* ColorTriangleViewController.swift in Sources */,
				4A61191B216F2A0000A2C194 /* TaskModel.swift in Sources */,
				4A70859121782EBE00F7E8F7 /* ComputerPictureController.swift in Sources */,
				4A6118E8216F145700A2C194 /* AppDelegate.swift in Sources */,
				4A611918216F167100A2C194 /* TableViewController.swift in Sources */,
			);
			runOnlyForDeploymentPostprocessing = 0;
		};
		4A6118F4216F145800A2C194 /* Sources */ = {
			isa = PBXSourcesBuildPhase;
			buildActionMask = 2147483647;
			files = (
				4A6118FD216F145800A2C194 /* MetalTestTests.swift in Sources */,
			);
			runOnlyForDeploymentPostprocessing = 0;
		};
		4A6118FF216F145800A2C194 /* Sources */ = {
			isa = PBXSourcesBuildPhase;
			buildActionMask = 2147483647;
			files = (
				4A611908216F145800A2C194 /* MetalTestUITests.swift in Sources */,
			);
			runOnlyForDeploymentPostprocessing = 0;
		};
/* End PBXSourcesBuildPhase section */

/* Begin PBXTargetDependency section */
		4A6118FA216F145800A2C194 /* PBXTargetDependency */ = {
			isa = PBXTargetDependency;
			target = 4A6118E3216F145700A2C194 /* MetalTest */;
			targetProxy = 4A6118F9216F145800A2C194 /* PBXContainerItemProxy */;
		};
		4A611905216F145800A2C194 /* PBXTargetDependency */ = {
			isa = PBXTargetDependency;
			target = 4A6118E3216F145700A2C194 /* MetalTest */;
			targetProxy = 4A611904216F145800A2C194 /* PBXContainerItemProxy */;
		};
/* End PBXTargetDependency section */

/* Begin PBXVariantGroup section */
		4A6118EB216F145700A2C194 /* Main.storyboard */ = {
			isa = PBXVariantGroup;
			children = (
				4A6118EC216F145700A2C194 /* Base */,
			);
			name = Main.storyboard;
			sourceTree = "<group>";
		};
		4A6118F0216F145800A2C194 /* LaunchScreen.storyboard */ = {
			isa = PBXVariantGroup;
			children = (
				4A6118F1216F145800A2C194 /* Base */,
			);
			name = LaunchScreen.storyboard;
			sourceTree = "<group>";
		};
/* End PBXVariantGroup section */

/* Begin XCBuildConfiguration section */
		4A61190A216F145800A2C194 /* Debug */ = {
			isa = XCBuildConfiguration;
			buildSettings = {
				ALWAYS_SEARCH_USER_PATHS = NO;
				CLANG_ANALYZER_NONNULL = YES;
				CLANG_ANALYZER_NUMBER_OBJECT_CONVERSION = YES_AGGRESSIVE;
				CLANG_CXX_LANGUAGE_STANDARD = "gnu++14";
				CLANG_CXX_LIBRARY = "libc++";
				CLANG_ENABLE_MODULES = YES;
				CLANG_ENABLE_OBJC_ARC = YES;
				CLANG_ENABLE_OBJC_WEAK = YES;
				CLANG_WARN_BLOCK_CAPTURE_AUTORELEASING = YES;
				CLANG_WARN_BOOL_CONVERSION = YES;
				CLANG_WARN_COMMA = YES;
				CLANG_WARN_CONSTANT_CONVERSION = YES;
				CLANG_WARN_DEPRECATED_OBJC_IMPLEMENTATIONS = YES;
				CLANG_WARN_DIRECT_OBJC_ISA_USAGE = YES_ERROR;
				CLANG_WARN_DOCUMENTATION_COMMENTS = YES;
				CLANG_WARN_EMPTY_BODY = YES;
				CLANG_WARN_ENUM_CONVERSION = YES;
				CLANG_WARN_INFINITE_RECURSION = YES;
				CLANG_WARN_INT_CONVERSION = YES;
				CLANG_WARN_NON_LITERAL_NULL_CONVERSION = YES;
				CLANG_WARN_OBJC_IMPLICIT_RETAIN_SELF = YES;
				CLANG_WARN_OBJC_LITERAL_CONVERSION = YES;
				CLANG_WARN_OBJC_ROOT_CLASS = YES_ERROR;
				CLANG_WARN_RANGE_LOOP_ANALYSIS = YES;
				CLANG_WARN_STRICT_PROTOTYPES = YES;
				CLANG_WARN_SUSPICIOUS_MOVE = YES;
				CLANG_WARN_UNGUARDED_AVAILABILITY = YES_AGGRESSIVE;
				CLANG_WARN_UNREACHABLE_CODE = YES;
				CLANG_WARN__DUPLICATE_METHOD_MATCH = YES;
				CODE_SIGN_IDENTITY = "iPhone Developer";
				COPY_PHASE_STRIP = NO;
				DEBUG_INFORMATION_FORMAT = dwarf;
				ENABLE_STRICT_OBJC_MSGSEND = YES;
				ENABLE_TESTABILITY = YES;
				GCC_C_LANGUAGE_STANDARD = gnu11;
				GCC_DYNAMIC_NO_PIC = NO;
				GCC_NO_COMMON_BLOCKS = YES;
				GCC_OPTIMIZATION_LEVEL = 0;
				GCC_PREPROCESSOR_DEFINITIONS = (
					"DEBUG=1",
					"$(inherited)",
				);
				GCC_WARN_64_TO_32_BIT_CONVERSION = YES;
				GCC_WARN_ABOUT_RETURN_TYPE = YES_ERROR;
				GCC_WARN_UNDECLARED_SELECTOR = YES;
				GCC_WARN_UNINITIALIZED_AUTOS = YES_AGGRESSIVE;
				GCC_WARN_UNUSED_FUNCTION = YES;
				GCC_WARN_UNUSED_VARIABLE = YES;
				IPHONEOS_DEPLOYMENT_TARGET = 12.0;
				MTL_ENABLE_DEBUG_INFO = INCLUDE_SOURCE;
				MTL_FAST_MATH = YES;
				ONLY_ACTIVE_ARCH = YES;
				SDKROOT = iphoneos;
				SWIFT_ACTIVE_COMPILATION_CONDITIONS = DEBUG;
				SWIFT_OPTIMIZATION_LEVEL = "-Onone";
			};
			name = Debug;
		};
		4A61190B216F145800A2C194 /* Release */ = {
			isa = XCBuildConfiguration;
			buildSettings = {
				ALWAYS_SEARCH_USER_PATHS = NO;
				CLANG_ANALYZER_NONNULL = YES;
				CLANG_ANALYZER_NUMBER_OBJECT_CONVERSION = YES_AGGRESSIVE;
				CLANG_CXX_LANGUAGE_STANDARD = "gnu++14";
				CLANG_CXX_LIBRARY = "libc++";
				CLANG_ENABLE_MODULES = YES;
				CLANG_ENABLE_OBJC_ARC = YES;
				CLANG_ENABLE_OBJC_WEAK = YES;
				CLANG_WARN_BLOCK_CAPTURE_AUTORELEASING = YES;
				CLANG_WARN_BOOL_CONVERSION = YES;
				CLANG_WARN_COMMA = YES;
				CLANG_WARN_CONSTANT_CONVERSION = YES;
				CLANG_WARN_DEPRECATED_OBJC_IMPLEMENTATIONS = YES;
				CLANG_WARN_DIRECT_OBJC_ISA_USAGE = YES_ERROR;
				CLANG_WARN_DOCUMENTATION_COMMENTS = YES;
				CLANG_WARN_EMPTY_BODY = YES;
				CLANG_WARN_ENUM_CONVERSION = YES;
				CLANG_WARN_INFINITE_RECURSION = YES;
				CLANG_WARN_INT_CONVERSION = YES;
				CLANG_WARN_NON_LITERAL_NULL_CONVERSION = YES;
				CLANG_WARN_OBJC_IMPLICIT_RETAIN_SELF = YES;
				CLANG_WARN_OBJC_LITERAL_CONVERSION = YES;
				CLANG_WARN_OBJC_ROOT_CLASS = YES_ERROR;
				CLANG_WARN_RANGE_LOOP_ANALYSIS = YES;
				CLANG_WARN_STRICT_PROTOTYPES = YES;
				CLANG_WARN_SUSPICIOUS_MOVE = YES;
				CLANG_WARN_UNGUARDED_AVAILABILITY = YES_AGGRESSIVE;
				CLANG_WARN_UNREACHABLE_CODE = YES;
				CLANG_WARN__DUPLICATE_METHOD_MATCH = YES;
				CODE_SIGN_IDENTITY = "iPhone Developer";
				COPY_PHASE_STRIP = NO;
				DEBUG_INFORMATION_FORMAT = "dwarf-with-dsym";
				ENABLE_NS_ASSERTIONS = NO;
				ENABLE_STRICT_OBJC_MSGSEND = YES;
				GCC_C_LANGUAGE_STANDARD = gnu11;
				GCC_NO_COMMON_BLOCKS = YES;
				GCC_WARN_64_TO_32_BIT_CONVERSION = YES;
				GCC_WARN_ABOUT_RETURN_TYPE = YES_ERROR;
				GCC_WARN_UNDECLARED_SELECTOR = YES;
				GCC_WARN_UNINITIALIZED_AUTOS = YES_AGGRESSIVE;
				GCC_WARN_UNUSED_FUNCTION = YES;
				GCC_WARN_UNUSED_VARIABLE = YES;
				IPHONEOS_DEPLOYMENT_TARGET = 12.0;
				MTL_ENABLE_DEBUG_INFO = NO;
				MTL_FAST_MATH = YES;
				SDKROOT = iphoneos;
				SWIFT_COMPILATION_MODE = wholemodule;
				SWIFT_OPTIMIZATION_LEVEL = "-O";
				VALIDATE_PRODUCT = YES;
			};
			name = Release;
		};
		4A61190D216F145800A2C194 /* Debug */ = {
			isa = XCBuildConfiguration;
			buildSettings = {
				ASSETCATALOG_COMPILER_APPICON_NAME = AppIcon;
				CODE_SIGN_IDENTITY = "iPhone Developer";
				CODE_SIGN_STYLE = Automatic;
				DEVELOPMENT_TEAM = ZHU4HV4LVA;
				INFOPLIST_FILE = MetalTest/Info.plist;
				IPHONEOS_DEPLOYMENT_TARGET = 12.0;
				LD_RUNPATH_SEARCH_PATHS = (
					"$(inherited)",
					"@executable_path/Frameworks",
				);
				PRODUCT_BUNDLE_IDENTIFIER = com.nini.MetalTest;
				PRODUCT_NAME = "$(TARGET_NAME)";
				PROVISIONING_PROFILE_SPECIFIER = "";
				SWIFT_VERSION = 4.2;
				TARGETED_DEVICE_FAMILY = 1;
			};
			name = Debug;
		};
		4A61190E216F145800A2C194 /* Release */ = {
			isa = XCBuildConfiguration;
			buildSettings = {
				ASSETCATALOG_COMPILER_APPICON_NAME = AppIcon;
				CODE_SIGN_IDENTITY = "iPhone Developer";
				CODE_SIGN_STYLE = Automatic;
				DEVELOPMENT_TEAM = ZHU4HV4LVA;
				INFOPLIST_FILE = MetalTest/Info.plist;
				IPHONEOS_DEPLOYMENT_TARGET = 12.0;
				LD_RUNPATH_SEARCH_PATHS = (
					"$(inherited)",
					"@executable_path/Frameworks",
				);
				PRODUCT_BUNDLE_IDENTIFIER = com.nini.MetalTest;
				PRODUCT_NAME = "$(TARGET_NAME)";
				PROVISIONING_PROFILE_SPECIFIER = "";
				SWIFT_VERSION = 4.2;
				TARGETED_DEVICE_FAMILY = 1;
			};
			name = Release;
		};
		4A611910216F145800A2C194 /* Debug */ = {
			isa = XCBuildConfiguration;
			buildSettings = {
				ALWAYS_EMBED_SWIFT_STANDARD_LIBRARIES = YES;
				BUNDLE_LOADER = "$(TEST_HOST)";
				CODE_SIGN_STYLE = Automatic;
				DEVELOPMENT_TEAM = 5GR355R333;
				INFOPLIST_FILE = MetalTestTests/Info.plist;
				LD_RUNPATH_SEARCH_PATHS = (
					"$(inherited)",
					"@executable_path/Frameworks",
					"@loader_path/Frameworks",
				);
				PRODUCT_BUNDLE_IDENTIFIER = com.wangwei.MetalTestTests;
				PRODUCT_NAME = "$(TARGET_NAME)";
				SWIFT_VERSION = 4.2;
				TARGETED_DEVICE_FAMILY = "1,2";
				TEST_HOST = "$(BUILT_PRODUCTS_DIR)/MetalTest.app/MetalTest";
			};
			name = Debug;
		};
		4A611911216F145800A2C194 /* Release */ = {
			isa = XCBuildConfiguration;
			buildSettings = {
				ALWAYS_EMBED_SWIFT_STANDARD_LIBRARIES = YES;
				BUNDLE_LOADER = "$(TEST_HOST)";
				CODE_SIGN_STYLE = Automatic;
				DEVELOPMENT_TEAM = 5GR355R333;
				INFOPLIST_FILE = MetalTestTests/Info.plist;
				LD_RUNPATH_SEARCH_PATHS = (
					"$(inherited)",
					"@executable_path/Frameworks",
					"@loader_path/Frameworks",
				);
				PRODUCT_BUNDLE_IDENTIFIER = com.wangwei.MetalTestTests;
				PRODUCT_NAME = "$(TARGET_NAME)";
				SWIFT_VERSION = 4.2;
				TARGETED_DEVICE_FAMILY = "1,2";
				TEST_HOST = "$(BUILT_PRODUCTS_DIR)/MetalTest.app/MetalTest";
			};
			name = Release;
		};
		4A611913216F145800A2C194 /* Debug */ = {
			isa = XCBuildConfiguration;
			buildSettings = {
				ALWAYS_EMBED_SWIFT_STANDARD_LIBRARIES = YES;
				CODE_SIGN_STYLE = Automatic;
				DEVELOPMENT_TEAM = 5GR355R333;
				INFOPLIST_FILE = MetalTestUITests/Info.plist;
				LD_RUNPATH_SEARCH_PATHS = (
					"$(inherited)",
					"@executable_path/Frameworks",
					"@loader_path/Frameworks",
				);
				PRODUCT_BUNDLE_IDENTIFIER = com.wangwei.MetalTestUITests;
				PRODUCT_NAME = "$(TARGET_NAME)";
				SWIFT_VERSION = 4.2;
				TARGETED_DEVICE_FAMILY = "1,2";
				TEST_TARGET_NAME = MetalTest;
			};
			name = Debug;
		};
		4A611914216F145800A2C194 /* Release */ = {
			isa = XCBuildConfiguration;
			buildSettings = {
				ALWAYS_EMBED_SWIFT_STANDARD_LIBRARIES = YES;
				CODE_SIGN_STYLE = Automatic;
				DEVELOPMENT_TEAM = 5GR355R333;
				INFOPLIST_FILE = MetalTestUITests/Info.plist;
				LD_RUNPATH_SEARCH_PATHS = (
					"$(inherited)",
					"@executable_path/Frameworks",
					"@loader_path/Frameworks",
				);
				PRODUCT_BUNDLE_IDENTIFIER = com.wangwei.MetalTestUITests;
				PRODUCT_NAME = "$(TARGET_NAME)";
				SWIFT_VERSION = 4.2;
				TARGETED_DEVICE_FAMILY = "1,2";
				TEST_TARGET_NAME = MetalTest;
			};
			name = Release;
		};
/* End XCBuildConfiguration section */

/* Begin XCConfigurationList section */
		4A6118DF216F145700A2C194 /* Build configuration list for PBXProject "MetalTest" */ = {
			isa = XCConfigurationList;
			buildConfigurations = (
				4A61190A216F145800A2C194 /* Debug */,
				4A61190B216F145800A2C194 /* Release */,
			);
			defaultConfigurationIsVisible = 0;
			defaultConfigurationName = Release;
		};
		4A61190C216F145800A2C194 /* Build configuration list for PBXNativeTarget "MetalTest" */ = {
			isa = XCConfigurationList;
			buildConfigurations = (
				4A61190D216F145800A2C194 /* Debug */,
				4A61190E216F145800A2C194 /* Release */,
			);
			defaultConfigurationIsVisible = 0;
			defaultConfigurationName = Release;
		};
		4A61190F216F145800A2C194 /* Build configuration list for PBXNativeTarget "MetalTestTests" */ = {
			isa = XCConfigurationList;
			buildConfigurations = (
				4A611910216F145800A2C194 /* Debug */,
				4A611911216F145800A2C194 /* Release */,
			);
			defaultConfigurationIsVisible = 0;
			defaultConfigurationName = Release;
		};
		4A611912216F145800A2C194 /* Build configuration list for PBXNativeTarget "MetalTestUITests" */ = {
			isa = XCConfigurationList;
			buildConfigurations = (
				4A611913216F145800A2C194 /* Debug */,
				4A611914216F145800A2C194 /* Release */,
			);
			defaultConfigurationIsVisible = 0;
			defaultConfigurationName = Release;
		};
/* End XCConfigurationList section */
	};
	rootObject = 4A6118DC216F145700A2C194 /* Project object */;
}
